
Microsoft Visual Studio Solution File, Format Version 12.00
# Visual Studio Version 17
VisualStudioVersion = 17.7.34202.233
MinimumVisualStudioVersion = 10.0.40219.1
Project("{FAE04EC0-301F-11D3-BF4B-00C04F79EFBC}") = "MonkysApp", "MonkysApp\MonkysApp.csproj", "{7D4B73B7-6FE1-441A-9000-8F8F1B24735F}"
EndProject
Global
	GlobalSection(SolutionConfigurationPlatforms) = preSolution
		Debug|Any CPU = Debug|Any CPU
		Release|Any CPU = Release|Any CPU
	EndGlobalSection
	GlobalSection(ProjectConfigurationPlatforms) = postSolution
		{7D4B73B7-6FE1-441A-9000-8F8F1B24735F}.Debug|Any CPU.ActiveCfg = Debug|Any CPU
		{7D4B73B7-6FE1-441A-9000-8F8F1B24735F}.Debug|Any CPU.Build.0 = Debug|Any CPU
		{7D4B73B7-6FE1-441A-9000-8F8F1B24735F}.Debug|Any CPU.Deploy.0 = Debug|Any CPU
		{7D4B73B7-6FE1-441A-9000-8F8F1B24735F}.Release|Any CPU.ActiveCfg = Release|Any CPU
		{7D4B73B7-6FE1-441A-9000-8F8F1B24735F}.Release|Any CPU.Build.0 = Release|Any CPU
		{7D4B73B7-6FE1-441A-9000-8F8F1B24735F}.Release|Any CPU.Deploy.0 = Release|Any CPU
	EndGlobalSection
	GlobalSection(SolutionProperties) = preSolution
		HideSolutionNode = FALSE
	EndGlobalSection
	GlobalSection(ExtensibilityGlobals) = postSolution
		SolutionGuid = {042A408E-E586-4A39-A42E-1AFDED7A0804}
	EndGlobalSection
EndGlobal
